// !$*UTF8*$!
{
	archiveVersion = 1;
	classes = {
	};
	objectVersion = 50;
	objects = {

/* Begin PBXBuildFile section */
		B600B33A21A19BAC00221CCB /* RealmSwift.framework in Frameworks */ = {isa = PBXBuildFile; fileRef = B600B33921A19BAC00221CCB /* RealmSwift.framework */; };
		B600B33C21A19BBA00221CCB /* SVProgressHUD.framework in Frameworks */ = {isa = PBXBuildFile; fileRef = B600B33B21A19BBA00221CCB /* SVProgressHUD.framework */; };
		B600B33E21A1A64A00221CCB /* Realm.framework in Frameworks */ = {isa = PBXBuildFile; fileRef = B600B33D21A1A64A00221CCB /* Realm.framework */; };
		B600B34821A2E9BF00221CCB /* Response.swift in Sources */ = {isa = PBXBuildFile; fileRef = B600B34721A2E9BF00221CCB /* Response.swift */; };
		B600B35121A4353100221CCB /* LoginViewController.swift in Sources */ = {isa = PBXBuildFile; fileRef = B600B34E21A4353100221CCB /* LoginViewController.swift */; };
		B600B35221A4353100221CCB /* RootViewController.swift in Sources */ = {isa = PBXBuildFile; fileRef = B600B34F21A4353100221CCB /* RootViewController.swift */; };
		B600B35321A4353100221CCB /* TaskListViewController.swift in Sources */ = {isa = PBXBuildFile; fileRef = B600B35021A4353100221CCB /* TaskListViewController.swift */; };
		B600B35621A4375B00221CCB /* AuthRepository.swift in Sources */ = {isa = PBXBuildFile; fileRef = B600B35521A4375B00221CCB /* AuthRepository.swift */; };
		B600B35E21A43CEC00221CCB /* LoginUseCase.swift in Sources */ = {isa = PBXBuildFile; fileRef = B600B35D21A43CEC00221CCB /* LoginUseCase.swift */; };
		B600B36A21A4520600221CCB /* TaskListUseCase.swift in Sources */ = {isa = PBXBuildFile; fileRef = B600B36921A4520600221CCB /* TaskListUseCase.swift */; };
		B600B36C21A4524B00221CCB /* TaskRepository.swift in Sources */ = {isa = PBXBuildFile; fileRef = B600B36B21A4524B00221CCB /* TaskRepository.swift */; };
		B600B38121A4684D00221CCB /* Firebase.plist in Resources */ = {isa = PBXBuildFile; fileRef = B600B38021A4684D00221CCB /* Firebase.plist */; };
		B600B38A21A5A95F00221CCB /* Date+Ext.swift in Sources */ = {isa = PBXBuildFile; fileRef = B600B38721A5A95F00221CCB /* Date+Ext.swift */; };
		B600B38B21A5A95F00221CCB /* Extensions.swift in Sources */ = {isa = PBXBuildFile; fileRef = B600B38821A5A95F00221CCB /* Extensions.swift */; };
		B600B38C21A5A95F00221CCB /* Loading.swift in Sources */ = {isa = PBXBuildFile; fileRef = B600B38921A5A95F00221CCB /* Loading.swift */; };
		B61CE09A21A82E53009D3377 /* TaskListTableViewCell.swift in Sources */ = {isa = PBXBuildFile; fileRef = B61CE09821A82E53009D3377 /* TaskListTableViewCell.swift */; };
		B61CE09B21A82E53009D3377 /* TaskListTableViewCell.xib in Resources */ = {isa = PBXBuildFile; fileRef = B61CE09921A82E53009D3377 /* TaskListTableViewCell.xib */; };
		B61CE09D21A83ACC009D3377 /* TaskDetailViewController.swift in Sources */ = {isa = PBXBuildFile; fileRef = B61CE09C21A83ACC009D3377 /* TaskDetailViewController.swift */; };
		B645ADCE21A180600057BD4D /* API.swift in Sources */ = {isa = PBXBuildFile; fileRef = B645ADCD21A1805F0057BD4D /* API.swift */; };
		B69D85A221AD5D4300A5EC15 /* RealmUtil.swift in Sources */ = {isa = PBXBuildFile; fileRef = B69D859F21AD5D4300A5EC15 /* RealmUtil.swift */; };
		B69D85A321AD5D4300A5EC15 /* RealmAuthRepository.swift in Sources */ = {isa = PBXBuildFile; fileRef = B69D85A021AD5D4300A5EC15 /* RealmAuthRepository.swift */; };
		B69D85A421AD5D4300A5EC15 /* RealmTaskRepository.swift in Sources */ = {isa = PBXBuildFile; fileRef = B69D85A121AD5D4300A5EC15 /* RealmTaskRepository.swift */; };
		B69D85AA21AD5D6200A5EC15 /* Auth.swift in Sources */ = {isa = PBXBuildFile; fileRef = B69D85A721AD5D6200A5EC15 /* Auth.swift */; };
		B69D85AB21AD5D6200A5EC15 /* Task.swift in Sources */ = {isa = PBXBuildFile; fileRef = B69D85A821AD5D6200A5EC15 /* Task.swift */; };
		B69D85AD21AD5E3600A5EC15 /* FirebaseAPI.swift in Sources */ = {isa = PBXBuildFile; fileRef = B69D85AC21AD5E3600A5EC15 /* FirebaseAPI.swift */; };
		B69D85AF21AD631D00A5EC15 /* RealmAuth.swift in Sources */ = {isa = PBXBuildFile; fileRef = B69D85AE21AD631D00A5EC15 /* RealmAuth.swift */; };
		B69D85B121AD6CAB00A5EC15 /* RealmTask.swift in Sources */ = {isa = PBXBuildFile; fileRef = B69D85B021AD6CAB00A5EC15 /* RealmTask.swift */; };
		B6C2774B21A00667009B1C13 /* AppDelegate.swift in Sources */ = {isa = PBXBuildFile; fileRef = B6C2774A21A00667009B1C13 /* AppDelegate.swift */; };
		B6C2775021A00667009B1C13 /* Main.storyboard in Resources */ = {isa = PBXBuildFile; fileRef = B6C2774E21A00667009B1C13 /* Main.storyboard */; };
		B6C2775221A0066A009B1C13 /* Assets.xcassets in Resources */ = {isa = PBXBuildFile; fileRef = B6C2775121A0066A009B1C13 /* Assets.xcassets */; };
		B6C2775521A0066A009B1C13 /* LaunchScreen.storyboard in Resources */ = {isa = PBXBuildFile; fileRef = B6C2775321A0066A009B1C13 /* LaunchScreen.storyboard */; };
		B6C2775E21A02C15009B1C13 /* Alamofire.framework in Frameworks */ = {isa = PBXBuildFile; fileRef = B6C2775D21A02C15009B1C13 /* Alamofire.framework */; };
/* End PBXBuildFile section */

/* Begin PBXFileReference section */
		B600B33921A19BAC00221CCB /* RealmSwift.framework */ = {isa = PBXFileReference; lastKnownFileType = wrapper.framework; name = RealmSwift.framework; path = Carthage/Build/iOS/RealmSwift.framework; sourceTree = "<group>"; };
		B600B33B21A19BBA00221CCB /* SVProgressHUD.framework */ = {isa = PBXFileReference; lastKnownFileType = wrapper.framework; name = SVProgressHUD.framework; path = Carthage/Build/iOS/SVProgressHUD.framework; sourceTree = "<group>"; };
		B600B33D21A1A64A00221CCB /* Realm.framework */ = {isa = PBXFileReference; lastKnownFileType = wrapper.framework; name = Realm.framework; path = Carthage/Build/iOS/Realm.framework; sourceTree = "<group>"; };
		B600B34721A2E9BF00221CCB /* Response.swift */ = {isa = PBXFileReference; lastKnownFileType = sourcecode.swift; path = Response.swift; sourceTree = "<group>"; };
		B600B34E21A4353100221CCB /* LoginViewController.swift */ = {isa = PBXFileReference; fileEncoding = 4; lastKnownFileType = sourcecode.swift; path = LoginViewController.swift; sourceTree = "<group>"; };
		B600B34F21A4353100221CCB /* RootViewController.swift */ = {isa = PBXFileReference; fileEncoding = 4; lastKnownFileType = sourcecode.swift; path = RootViewController.swift; sourceTree = "<group>"; };
		B600B35021A4353100221CCB /* TaskListViewController.swift */ = {isa = PBXFileReference; fileEncoding = 4; lastKnownFileType = sourcecode.swift; path = TaskListViewController.swift; sourceTree = "<group>"; };
		B600B35521A4375B00221CCB /* AuthRepository.swift */ = {isa = PBXFileReference; lastKnownFileType = sourcecode.swift; path = AuthRepository.swift; sourceTree = "<group>"; };
		B600B35D21A43CEC00221CCB /* LoginUseCase.swift */ = {isa = PBXFileReference; lastKnownFileType = sourcecode.swift; path = LoginUseCase.swift; sourceTree = "<group>"; };
		B600B36921A4520600221CCB /* TaskListUseCase.swift */ = {isa = PBXFileReference; lastKnownFileType = sourcecode.swift; path = TaskListUseCase.swift; sourceTree = "<group>"; };
		B600B36B21A4524B00221CCB /* TaskRepository.swift */ = {isa = PBXFileReference; lastKnownFileType = sourcecode.swift; path = TaskRepository.swift; sourceTree = "<group>"; };
		B600B38021A4684D00221CCB /* Firebase.plist */ = {isa = PBXFileReference; lastKnownFileType = text.plist.xml; path = Firebase.plist; sourceTree = "<group>"; };
		B600B38721A5A95F00221CCB /* Date+Ext.swift */ = {isa = PBXFileReference; fileEncoding = 4; lastKnownFileType = sourcecode.swift; path = "Date+Ext.swift"; sourceTree = "<group>"; };
		B600B38821A5A95F00221CCB /* Extensions.swift */ = {isa = PBXFileReference; fileEncoding = 4; lastKnownFileType = sourcecode.swift; path = Extensions.swift; sourceTree = "<group>"; };
		B600B38921A5A95F00221CCB /* Loading.swift */ = {isa = PBXFileReference; fileEncoding = 4; lastKnownFileType = sourcecode.swift; path = Loading.swift; sourceTree = "<group>"; };
		B61CE09821A82E53009D3377 /* TaskListTableViewCell.swift */ = {isa = PBXFileReference; lastKnownFileType = sourcecode.swift; path = TaskListTableViewCell.swift; sourceTree = "<group>"; };
		B61CE09921A82E53009D3377 /* TaskListTableViewCell.xib */ = {isa = PBXFileReference; lastKnownFileType = file.xib; path = TaskListTableViewCell.xib; sourceTree = "<group>"; };
		B61CE09C21A83ACC009D3377 /* TaskDetailViewController.swift */ = {isa = PBXFileReference; lastKnownFileType = sourcecode.swift; path = TaskDetailViewController.swift; sourceTree = "<group>"; };
		B645ADCD21A1805F0057BD4D /* API.swift */ = {isa = PBXFileReference; fileEncoding = 4; lastKnownFileType = sourcecode.swift; path = API.swift; sourceTree = "<group>"; };
		B69D859F21AD5D4300A5EC15 /* RealmUtil.swift */ = {isa = PBXFileReference; fileEncoding = 4; lastKnownFileType = sourcecode.swift; path = RealmUtil.swift; sourceTree = "<group>"; };
		B69D85A021AD5D4300A5EC15 /* RealmAuthRepository.swift */ = {isa = PBXFileReference; fileEncoding = 4; lastKnownFileType = sourcecode.swift; path = RealmAuthRepository.swift; sourceTree = "<group>"; };
		B69D85A121AD5D4300A5EC15 /* RealmTaskRepository.swift */ = {isa = PBXFileReference; fileEncoding = 4; lastKnownFileType = sourcecode.swift; path = RealmTaskRepository.swift; sourceTree = "<group>"; };
		B69D85A721AD5D6200A5EC15 /* Auth.swift */ = {isa = PBXFileReference; fileEncoding = 4; lastKnownFileType = sourcecode.swift; path = Auth.swift; sourceTree = "<group>"; };
		B69D85A821AD5D6200A5EC15 /* Task.swift */ = {isa = PBXFileReference; fileEncoding = 4; lastKnownFileType = sourcecode.swift; path = Task.swift; sourceTree = "<group>"; };
		B69D85AC21AD5E3600A5EC15 /* FirebaseAPI.swift */ = {isa = PBXFileReference; lastKnownFileType = sourcecode.swift; path = FirebaseAPI.swift; sourceTree = "<group>"; };
		B69D85AE21AD631D00A5EC15 /* RealmAuth.swift */ = {isa = PBXFileReference; lastKnownFileType = sourcecode.swift; path = RealmAuth.swift; sourceTree = "<group>"; };
		B69D85B021AD6CAB00A5EC15 /* RealmTask.swift */ = {isa = PBXFileReference; lastKnownFileType = sourcecode.swift; path = RealmTask.swift; sourceTree = "<group>"; };
		B6C2774721A00667009B1C13 /* TaskManager.app */ = {isa = PBXFileReference; explicitFileType = wrapper.application; includeInIndex = 0; path = TaskManager.app; sourceTree = BUILT_PRODUCTS_DIR; };
		B6C2774A21A00667009B1C13 /* AppDelegate.swift */ = {isa = PBXFileReference; lastKnownFileType = sourcecode.swift; path = AppDelegate.swift; sourceTree = "<group>"; };
		B6C2774F21A00667009B1C13 /* Base */ = {isa = PBXFileReference; lastKnownFileType = file.storyboard; name = Base; path = Base.lproj/Main.storyboard; sourceTree = "<group>"; };
		B6C2775121A0066A009B1C13 /* Assets.xcassets */ = {isa = PBXFileReference; lastKnownFileType = folder.assetcatalog; path = Assets.xcassets; sourceTree = "<group>"; };
		B6C2775421A0066A009B1C13 /* Base */ = {isa = PBXFileReference; lastKnownFileType = file.storyboard; name = Base; path = Base.lproj/LaunchScreen.storyboard; sourceTree = "<group>"; };
		B6C2775621A0066A009B1C13 /* Info.plist */ = {isa = PBXFileReference; lastKnownFileType = text.plist.xml; path = Info.plist; sourceTree = "<group>"; };
		B6C2775D21A02C15009B1C13 /* Alamofire.framework */ = {isa = PBXFileReference; lastKnownFileType = wrapper.framework; name = Alamofire.framework; path = Carthage/Build/iOS/Alamofire.framework; sourceTree = "<group>"; };
/* End PBXFileReference section */

/* Begin PBXFrameworksBuildPhase section */
		B6C2774421A00667009B1C13 /* Frameworks */ = {
			isa = PBXFrameworksBuildPhase;
			buildActionMask = 2147483647;
			files = (
				B600B33E21A1A64A00221CCB /* Realm.framework in Frameworks */,
				B600B33C21A19BBA00221CCB /* SVProgressHUD.framework in Frameworks */,
				B600B33A21A19BAC00221CCB /* RealmSwift.framework in Frameworks */,
				B6C2775E21A02C15009B1C13 /* Alamofire.framework in Frameworks */,
			);
			runOnlyForDeploymentPostprocessing = 0;
		};
/* End PBXFrameworksBuildPhase section */

/* Begin PBXGroup section */
		B600B34D21A4348000221CCB /* Views */ = {
			isa = PBXGroup;
			children = (
				B61CE09221A7EE6B009D3377 /* Cells */,
				B600B34E21A4353100221CCB /* LoginViewController.swift */,
				B600B34F21A4353100221CCB /* RootViewController.swift */,
				B600B35021A4353100221CCB /* TaskListViewController.swift */,
				B61CE09C21A83ACC009D3377 /* TaskDetailViewController.swift */,
			);
			path = Views;
			sourceTree = "<group>";
		};
		B600B35421A436E600221CCB /* Repositories */ = {
			isa = PBXGroup;
			children = (
				B600B35521A4375B00221CCB /* AuthRepository.swift */,
				B600B36B21A4524B00221CCB /* TaskRepository.swift */,
			);
			path = Repositories;
			sourceTree = "<group>";
		};
		B600B35C21A43CDC00221CCB /* UseCases */ = {
			isa = PBXGroup;
			children = (
				B600B35D21A43CEC00221CCB /* LoginUseCase.swift */,
				B600B36921A4520600221CCB /* TaskListUseCase.swift */,
			);
			path = UseCases;
			sourceTree = "<group>";
		};
		B600B38621A5A92B00221CCB /* Utilities */ = {
			isa = PBXGroup;
			children = (
				B600B38721A5A95F00221CCB /* Date+Ext.swift */,
				B600B38821A5A95F00221CCB /* Extensions.swift */,
				B600B38921A5A95F00221CCB /* Loading.swift */,
			);
			path = Utilities;
			sourceTree = "<group>";
		};
		B61CE09221A7EE6B009D3377 /* Cells */ = {
			isa = PBXGroup;
			children = (
				B61CE09821A82E53009D3377 /* TaskListTableViewCell.swift */,
				B61CE09921A82E53009D3377 /* TaskListTableViewCell.xib */,
			);
			path = Cells;
			sourceTree = "<group>";
		};
		B645ADCA21A180270057BD4D /* Net */ = {
			isa = PBXGroup;
			children = (
				B645ADCD21A1805F0057BD4D /* API.swift */,
				B600B34721A2E9BF00221CCB /* Response.swift */,
				B69D85AC21AD5E3600A5EC15 /* FirebaseAPI.swift */,
			);
			path = Net;
			sourceTree = "<group>";
		};
		B69D859E21AD5D4300A5EC15 /* Realm */ = {
			isa = PBXGroup;
			children = (
				B69D85AE21AD631D00A5EC15 /* RealmAuth.swift */,
				B69D85A021AD5D4300A5EC15 /* RealmAuthRepository.swift */,
				B69D85B021AD6CAB00A5EC15 /* RealmTask.swift */,
				B69D85A121AD5D4300A5EC15 /* RealmTaskRepository.swift */,
				B69D859F21AD5D4300A5EC15 /* RealmUtil.swift */,
			);
			path = Realm;
			sourceTree = "<group>";
		};
		B69D85A521AD5D6200A5EC15 /* Entities */ = {
			isa = PBXGroup;
			children = (
				B69D85A721AD5D6200A5EC15 /* Auth.swift */,
				B69D85A821AD5D6200A5EC15 /* Task.swift */,
			);
			path = Entities;
			sourceTree = "<group>";
		};
		B6C2773E21A00666009B1C13 = {
			isa = PBXGroup;
			children = (
				B6C2774921A00667009B1C13 /* TaskManager */,
				B6C2774821A00667009B1C13 /* Products */,
				B6C2775C21A02C14009B1C13 /* Frameworks */,
			);
			sourceTree = "<group>";
		};
		B6C2774821A00667009B1C13 /* Products */ = {
			isa = PBXGroup;
			children = (
				B6C2774721A00667009B1C13 /* TaskManager.app */,
			);
			name = Products;
			sourceTree = "<group>";
		};
		B6C2774921A00667009B1C13 /* TaskManager */ = {
			isa = PBXGroup;
			children = (
				B600B38021A4684D00221CCB /* Firebase.plist */,
				B6C2775621A0066A009B1C13 /* Info.plist */,
				B6C2774A21A00667009B1C13 /* AppDelegate.swift */,
				B6C2775121A0066A009B1C13 /* Assets.xcassets */,
				B69D85A521AD5D6200A5EC15 /* Entities */,
				B6C2775321A0066A009B1C13 /* LaunchScreen.storyboard */,
				B6C2774E21A00667009B1C13 /* Main.storyboard */,
				B645ADCA21A180270057BD4D /* Net */,
				B69D859E21AD5D4300A5EC15 /* Realm */,
				B600B35421A436E600221CCB /* Repositories */,
				B600B35C21A43CDC00221CCB /* UseCases */,
				B600B38621A5A92B00221CCB /* Utilities */,
				B600B34D21A4348000221CCB /* Views */,
			);
			path = TaskManager;
			sourceTree = "<group>";
		};
		B6C2775C21A02C14009B1C13 /* Frameworks */ = {
			isa = PBXGroup;
			children = (
				B600B33D21A1A64A00221CCB /* Realm.framework */,
				B600B33B21A19BBA00221CCB /* SVProgressHUD.framework */,
				B600B33921A19BAC00221CCB /* RealmSwift.framework */,
				B6C2775D21A02C15009B1C13 /* Alamofire.framework */,
			);
			name = Frameworks;
			sourceTree = "<group>";
		};
/* End PBXGroup section */

/* Begin PBXNativeTarget section */
		B6C2774621A00667009B1C13 /* TaskManager */ = {
			isa = PBXNativeTarget;
			buildConfigurationList = B6C2775921A0066A009B1C13 /* Build configuration list for PBXNativeTarget "TaskManager" */;
			buildPhases = (
				B6C2774321A00667009B1C13 /* Sources */,
				B6C2774421A00667009B1C13 /* Frameworks */,
				B6C2774521A00667009B1C13 /* Resources */,
				B6C2775F21A02C1B009B1C13 /* ShellScript */,
			);
			buildRules = (
			);
			dependencies = (
			);
			name = TaskManager;
			productName = TaskManager;
			productReference = B6C2774721A00667009B1C13 /* TaskManager.app */;
			productType = "com.apple.product-type.application";
		};
/* End PBXNativeTarget section */

/* Begin PBXProject section */
		B6C2773F21A00667009B1C13 /* Project object */ = {
			isa = PBXProject;
			attributes = {
				LastSwiftUpdateCheck = 1010;
				LastUpgradeCheck = 1010;
				ORGANIZATIONNAME = "太田聖治";
				TargetAttributes = {
					B6C2774621A00667009B1C13 = {
						CreatedOnToolsVersion = 10.1;
					};
				};
			};
			buildConfigurationList = B6C2774221A00667009B1C13 /* Build configuration list for PBXProject "TaskManager" */;
			compatibilityVersion = "Xcode 9.3";
			developmentRegion = en;
			hasScannedForEncodings = 0;
			knownRegions = (
				en,
				Base,
			);
			mainGroup = B6C2773E21A00666009B1C13;
			productRefGroup = B6C2774821A00667009B1C13 /* Products */;
			projectDirPath = "";
			projectRoot = "";
			targets = (
				B6C2774621A00667009B1C13 /* TaskManager */,
			);
		};
/* End PBXProject section */

/* Begin PBXResourcesBuildPhase section */
		B6C2774521A00667009B1C13 /* Resources */ = {
			isa = PBXResourcesBuildPhase;
			buildActionMask = 2147483647;
			files = (
				B6C2775521A0066A009B1C13 /* LaunchScreen.storyboard in Resources */,
				B61CE09B21A82E53009D3377 /* TaskListTableViewCell.xib in Resources */,
				B600B38121A4684D00221CCB /* Firebase.plist in Resources */,
				B6C2775221A0066A009B1C13 /* Assets.xcassets in Resources */,
				B6C2775021A00667009B1C13 /* Main.storyboard in Resources */,
			);
			runOnlyForDeploymentPostprocessing = 0;
		};
/* End PBXResourcesBuildPhase section */

/* Begin PBXShellScriptBuildPhase section */
		B6C2775F21A02C1B009B1C13 /* ShellScript */ = {
			isa = PBXShellScriptBuildPhase;
			buildActionMask = 2147483647;
			files = (
			);
			inputFileListPaths = (
			);
			inputPaths = (
				"$(SRCROOT)/Carthage/Build/iOS/Alamofire.framework",
				"$(SRCROOT)/Carthage/Build/iOS/RealmSwift.framework",
				"$(SRCROOT)/Carthage/Build/iOS/SVProgressHUD.framework",
				"$(SRCROOT)/Carthage/Build/iOS/Realm.framework",
			);
			outputFileListPaths = (
			);
			outputPaths = (
			);
			runOnlyForDeploymentPostprocessing = 0;
			shellPath = /bin/sh;
			shellScript = "/usr/local/bin/carthage copy-frameworks\n";
		};
/* End PBXShellScriptBuildPhase section */

/* Begin PBXSourcesBuildPhase section */
		B6C2774321A00667009B1C13 /* Sources */ = {
			isa = PBXSourcesBuildPhase;
			buildActionMask = 2147483647;
			files = (
				B61CE09D21A83ACC009D3377 /* TaskDetailViewController.swift in Sources */,
				B61CE09A21A82E53009D3377 /* TaskListTableViewCell.swift in Sources */,
				B69D85A321AD5D4300A5EC15 /* RealmAuthRepository.swift in Sources */,
				B600B35321A4353100221CCB /* TaskListViewController.swift in Sources */,
				B69D85AB21AD5D6200A5EC15 /* Task.swift in Sources */,
				B600B35621A4375B00221CCB /* AuthRepository.swift in Sources */,
				B600B36C21A4524B00221CCB /* TaskRepository.swift in Sources */,
				B600B35221A4353100221CCB /* RootViewController.swift in Sources */,
				B69D85A421AD5D4300A5EC15 /* RealmTaskRepository.swift in Sources */,
				B69D85AD21AD5E3600A5EC15 /* FirebaseAPI.swift in Sources */,
				B600B36A21A4520600221CCB /* TaskListUseCase.swift in Sources */,
				B6C2774B21A00667009B1C13 /* AppDelegate.swift in Sources */,
				B69D85AA21AD5D6200A5EC15 /* Auth.swift in Sources */,
				B600B38B21A5A95F00221CCB /* Extensions.swift in Sources */,
				B69D85A221AD5D4300A5EC15 /* RealmUtil.swift in Sources */,
				B600B38C21A5A95F00221CCB /* Loading.swift in Sources */,
				B69D85B121AD6CAB00A5EC15 /* RealmTask.swift in Sources */,
				B645ADCE21A180600057BD4D /* API.swift in Sources */,
				B600B34821A2E9BF00221CCB /* Response.swift in Sources */,
				B600B35E21A43CEC00221CCB /* LoginUseCase.swift in Sources */,
				B69D85AF21AD631D00A5EC15 /* RealmAuth.swift in Sources */,
				B600B35121A4353100221CCB /* LoginViewController.swift in Sources */,
				B600B38A21A5A95F00221CCB /* Date+Ext.swift in Sources */,
			);
			runOnlyForDeploymentPostprocessing = 0;
		};
/* End PBXSourcesBuildPhase section */

/* Begin PBXVariantGroup section */
		B6C2774E21A00667009B1C13 /* Main.storyboard */ = {
			isa = PBXVariantGroup;
			children = (
				B6C2774F21A00667009B1C13 /* Base */,
			);
			name = Main.storyboard;
			sourceTree = "<group>";
		};
		B6C2775321A0066A009B1C13 /* LaunchScreen.storyboard */ = {
			isa = PBXVariantGroup;
			children = (
				B6C2775421A0066A009B1C13 /* Base */,
			);
			name = LaunchScreen.storyboard;
			sourceTree = "<group>";
		};
/* End PBXVariantGroup section */

/* Begin XCBuildConfiguration section */
		B6C2775721A0066A009B1C13 /* Debug */ = {
			isa = XCBuildConfiguration;
			buildSettings = {
				ALWAYS_SEARCH_USER_PATHS = NO;
				CLANG_ANALYZER_NONNULL = YES;
				CLANG_ANALYZER_NUMBER_OBJECT_CONVERSION = YES_AGGRESSIVE;
				CLANG_CXX_LANGUAGE_STANDARD = "gnu++14";
				CLANG_CXX_LIBRARY = "libc++";
				CLANG_ENABLE_MODULES = YES;
				CLANG_ENABLE_OBJC_ARC = YES;
				CLANG_ENABLE_OBJC_WEAK = YES;
				CLANG_WARN_BLOCK_CAPTURE_AUTORELEASING = YES;
				CLANG_WARN_BOOL_CONVERSION = YES;
				CLANG_WARN_COMMA = YES;
				CLANG_WARN_CONSTANT_CONVERSION = YES;
				CLANG_WARN_DEPRECATED_OBJC_IMPLEMENTATIONS = YES;
				CLANG_WARN_DIRECT_OBJC_ISA_USAGE = YES_ERROR;
				CLANG_WARN_DOCUMENTATION_COMMENTS = YES;
				CLANG_WARN_EMPTY_BODY = YES;
				CLANG_WARN_ENUM_CONVERSION = YES;
				CLANG_WARN_INFINITE_RECURSION = YES;
				CLANG_WARN_INT_CONVERSION = YES;
				CLANG_WARN_NON_LITERAL_NULL_CONVERSION = YES;
				CLANG_WARN_OBJC_IMPLICIT_RETAIN_SELF = YES;
				CLANG_WARN_OBJC_LITERAL_CONVERSION = YES;
				CLANG_WARN_OBJC_ROOT_CLASS = YES_ERROR;
				CLANG_WARN_RANGE_LOOP_ANALYSIS = YES;
				CLANG_WARN_STRICT_PROTOTYPES = YES;
				CLANG_WARN_SUSPICIOUS_MOVE = YES;
				CLANG_WARN_UNGUARDED_AVAILABILITY = YES_AGGRESSIVE;
				CLANG_WARN_UNREACHABLE_CODE = YES;
				CLANG_WARN__DUPLICATE_METHOD_MATCH = YES;
				CODE_SIGN_IDENTITY = "iPhone Developer";
				COPY_PHASE_STRIP = NO;
				DEBUG_INFORMATION_FORMAT = dwarf;
				ENABLE_STRICT_OBJC_MSGSEND = YES;
				ENABLE_TESTABILITY = YES;
				GCC_C_LANGUAGE_STANDARD = gnu11;
				GCC_DYNAMIC_NO_PIC = NO;
				GCC_NO_COMMON_BLOCKS = YES;
				GCC_OPTIMIZATION_LEVEL = 0;
				GCC_PREPROCESSOR_DEFINITIONS = (
					"DEBUG=1",
					"$(inherited)",
				);
				GCC_WARN_64_TO_32_BIT_CONVERSION = YES;
				GCC_WARN_ABOUT_RETURN_TYPE = YES_ERROR;
				GCC_WARN_UNDECLARED_SELECTOR = YES;
				GCC_WARN_UNINITIALIZED_AUTOS = YES_AGGRESSIVE;
				GCC_WARN_UNUSED_FUNCTION = YES;
				GCC_WARN_UNUSED_VARIABLE = YES;
				IPHONEOS_DEPLOYMENT_TARGET = 12.1;
				MTL_ENABLE_DEBUG_INFO = INCLUDE_SOURCE;
				MTL_FAST_MATH = YES;
				ONLY_ACTIVE_ARCH = YES;
				SDKROOT = iphoneos;
				SWIFT_ACTIVE_COMPILATION_CONDITIONS = DEBUG;
				SWIFT_OPTIMIZATION_LEVEL = "-Onone";
			};
			name = Debug;
		};
		B6C2775821A0066A009B1C13 /* Release */ = {
			isa = XCBuildConfiguration;
			buildSettings = {
				ALWAYS_SEARCH_USER_PATHS = NO;
				CLANG_ANALYZER_NONNULL = YES;
				CLANG_ANALYZER_NUMBER_OBJECT_CONVERSION = YES_AGGRESSIVE;
				CLANG_CXX_LANGUAGE_STANDARD = "gnu++14";
				CLANG_CXX_LIBRARY = "libc++";
				CLANG_ENABLE_MODULES = YES;
				CLANG_ENABLE_OBJC_ARC = YES;
				CLANG_ENABLE_OBJC_WEAK = YES;
				CLANG_WARN_BLOCK_CAPTURE_AUTORELEASING = YES;
				CLANG_WARN_BOOL_CONVERSION = YES;
				CLANG_WARN_COMMA = YES;
				CLANG_WARN_CONSTANT_CONVERSION = YES;
				CLANG_WARN_DEPRECATED_OBJC_IMPLEMENTATIONS = YES;
				CLANG_WARN_DIRECT_OBJC_ISA_USAGE = YES_ERROR;
				CLANG_WARN_DOCUMENTATION_COMMENTS = YES;
				CLANG_WARN_EMPTY_BODY = YES;
				CLANG_WARN_ENUM_CONVERSION = YES;
				CLANG_WARN_INFINITE_RECURSION = YES;
				CLANG_WARN_INT_CONVERSION = YES;
				CLANG_WARN_NON_LITERAL_NULL_CONVERSION = YES;
				CLANG_WARN_OBJC_IMPLICIT_RETAIN_SELF = YES;
				CLANG_WARN_OBJC_LITERAL_CONVERSION = YES;
				CLANG_WARN_OBJC_ROOT_CLASS = YES_ERROR;
				CLANG_WARN_RANGE_LOOP_ANALYSIS = YES;
				CLANG_WARN_STRICT_PROTOTYPES = YES;
				CLANG_WARN_SUSPICIOUS_MOVE = YES;
				CLANG_WARN_UNGUARDED_AVAILABILITY = YES_AGGRESSIVE;
				CLANG_WARN_UNREACHABLE_CODE = YES;
				CLANG_WARN__DUPLICATE_METHOD_MATCH = YES;
				CODE_SIGN_IDENTITY = "iPhone Developer";
				COPY_PHASE_STRIP = NO;
				DEBUG_INFORMATION_FORMAT = "dwarf-with-dsym";
				ENABLE_NS_ASSERTIONS = NO;
				ENABLE_STRICT_OBJC_MSGSEND = YES;
				GCC_C_LANGUAGE_STANDARD = gnu11;
				GCC_NO_COMMON_BLOCKS = YES;
				GCC_WARN_64_TO_32_BIT_CONVERSION = YES;
				GCC_WARN_ABOUT_RETURN_TYPE = YES_ERROR;
				GCC_WARN_UNDECLARED_SELECTOR = YES;
				GCC_WARN_UNINITIALIZED_AUTOS = YES_AGGRESSIVE;
				GCC_WARN_UNUSED_FUNCTION = YES;
				GCC_WARN_UNUSED_VARIABLE = YES;
				IPHONEOS_DEPLOYMENT_TARGET = 12.1;
				MTL_ENABLE_DEBUG_INFO = NO;
				MTL_FAST_MATH = YES;
				SDKROOT = iphoneos;
				SWIFT_COMPILATION_MODE = wholemodule;
				SWIFT_OPTIMIZATION_LEVEL = "-O";
				VALIDATE_PRODUCT = YES;
			};
			name = Release;
		};
		B6C2775A21A0066A009B1C13 /* Debug */ = {
			isa = XCBuildConfiguration;
			buildSettings = {
				ASSETCATALOG_COMPILER_APPICON_NAME = AppIcon;
				CODE_SIGN_STYLE = Automatic;
				DEVELOPMENT_TEAM = 46HU3DPMP7;
				FRAMEWORK_SEARCH_PATHS = (
					"$(inherited)",
					"$(PROJECT_DIR)/Carthage/Build/iOS",
				);
				INFOPLIST_FILE = TaskManager/Info.plist;
				IPHONEOS_DEPLOYMENT_TARGET = 11.0;
				LD_RUNPATH_SEARCH_PATHS = (
					"$(inherited)",
					"@executable_path/Frameworks",
				);
				PRODUCT_BUNDLE_IDENTIFIER = ota.TaskManager;
				PRODUCT_NAME = "$(TARGET_NAME)";
				SWIFT_VERSION = 4.2;
				TARGETED_DEVICE_FAMILY = "1,2";
			};
			name = Debug;
		};
		B6C2775B21A0066A009B1C13 /* Release */ = {
			isa = XCBuildConfiguration;
			buildSettings = {
				ASSETCATALOG_COMPILER_APPICON_NAME = AppIcon;
				CODE_SIGN_STYLE = Automatic;
				DEVELOPMENT_TEAM = 46HU3DPMP7;
				FRAMEWORK_SEARCH_PATHS = (
					"$(inherited)",
					"$(PROJECT_DIR)/Carthage/Build/iOS",
				);
				INFOPLIST_FILE = TaskManager/Info.plist;
				IPHONEOS_DEPLOYMENT_TARGET = 11.0;
				LD_RUNPATH_SEARCH_PATHS = (
					"$(inherited)",
					"@executable_path/Frameworks",
				);
				PRODUCT_BUNDLE_IDENTIFIER = ota.TaskManager;
				PRODUCT_NAME = "$(TARGET_NAME)";
				SWIFT_VERSION = 4.2;
				TARGETED_DEVICE_FAMILY = "1,2";
			};
			name = Release;
		};
/* End XCBuildConfiguration section */

/* Begin XCConfigurationList section */
		B6C2774221A00667009B1C13 /* Build configuration list for PBXProject "TaskManager" */ = {
			isa = XCConfigurationList;
			buildConfigurations = (
				B6C2775721A0066A009B1C13 /* Debug */,
				B6C2775821A0066A009B1C13 /* Release */,
			);
			defaultConfigurationIsVisible = 0;
			defaultConfigurationName = Release;
		};
		B6C2775921A0066A009B1C13 /* Build configuration list for PBXNativeTarget "TaskManager" */ = {
			isa = XCConfigurationList;
			buildConfigurations = (
				B6C2775A21A0066A009B1C13 /* Debug */,
				B6C2775B21A0066A009B1C13 /* Release */,
			);
			defaultConfigurationIsVisible = 0;
			defaultConfigurationName = Release;
		};
/* End XCConfigurationList section */
	};
	rootObject = B6C2773F21A00667009B1C13 /* Project object */;
}
